
Microsoft Visual Studio Solution File, Format Version 12.00
# Visual Studio 2013
VisualStudioVersion = 12.0.31101.0
MinimumVisualStudioVersion = 10.0.40219.1
Project("{8BC9CEB8-8B4A-11D0-8D11-00A0C91BC942}") = "Code", "Punt2D\Punt2D.vcxproj", "{CCEE7023-A08D-40C3-BE4B-457AF1E73A54}"
EndProject
Project("{8BC9CEB8-8B4A-11D0-8D11-00A0C91BC942}") = "UnitTest", "UnitTest\UnitTest.vcxproj", "{A0E0897B-DD32-46B1-8484-C3411F87E7E7}"
EndProject
Global
	GlobalSection(SolutionConfigurationPlatforms) = preSolution
		Debug|Win32 = Debug|Win32
		Release|Win32 = Release|Win32
	EndGlobalSection
	GlobalSection(ProjectConfigurationPlatforms) = postSolution
		{CCEE7023-A08D-40C3-BE4B-457AF1E73A54}.Debug|Win32.ActiveCfg = Debug|Win32
		{CCEE7023-A08D-40C3-BE4B-457AF1E73A54}.Debug|Win32.Build.0 = Debug|Win32
		{CCEE7023-A08D-40C3-BE4B-457AF1E73A54}.Release|Win32.ActiveCfg = Release|Win32
		{CCEE7023-A08D-40C3-BE4B-457AF1E73A54}.Release|Win32.Build.0 = Release|Win32
		{A0E0897B-DD32-46B1-8484-C3411F87E7E7}.Debug|Win32.ActiveCfg = Debug|Win32
		{A0E0897B-DD32-46B1-8484-C3411F87E7E7}.Debug|Win32.Build.0 = Debug|Win32
		{A0E0897B-DD32-46B1-8484-C3411F87E7E7}.Release|Win32.ActiveCfg = Release|Win32
		{A0E0897B-DD32-46B1-8484-C3411F87E7E7}.Release|Win32.Build.0 = Release|Win32
	EndGlobalSection
	GlobalSection(SolutionProperties) = preSolution
		HideSolutionNode = FALSE
	EndGlobalSection
EndGlobal
